
Microsoft Visual Studio Solution File, Format Version 12.00
# Visual Studio Version 16
VisualStudioVersion = 16.0.32106.194
MinimumVisualStudioVersion = 10.0.40219.1
Project("{FAE04EC0-301F-11D3-BF4B-00C04F79EFBC}") = "Prueba", "Prueba\Prueba.csproj", "{D2866DF9-6D00-4894-A6B8-36E85A4F13DC}"
EndProject
Global
	GlobalSection(SolutionConfigurationPlatforms) = preSolution
		Debug|Any CPU = Debug|Any CPU
		Release|Any CPU = Release|Any CPU
	EndGlobalSection
	GlobalSection(ProjectConfigurationPlatforms) = postSolution
		{D2866DF9-6D00-4894-A6B8-36E85A4F13DC}.Debug|Any CPU.ActiveCfg = Debug|Any CPU
		{D2866DF9-6D00-4894-A6B8-36E85A4F13DC}.Debug|Any CPU.Build.0 = Debug|Any CPU
		{D2866DF9-6D00-4894-A6B8-36E85A4F13DC}.Release|Any CPU.ActiveCfg = Release|Any CPU
		{D2866DF9-6D00-4894-A6B8-36E85A4F13DC}.Release|Any CPU.Build.0 = Release|Any CPU
	EndGlobalSection
	GlobalSection(SolutionProperties) = preSolution
		HideSolutionNode = FALSE
	EndGlobalSection
	GlobalSection(ExtensibilityGlobals) = postSolution
		SolutionGuid = {82D25CD4-0F3E-449E-AC64-7FE2A49E6FA9}
	EndGlobalSection
EndGlobal
